
Microsoft Visual Studio Solution File, Format Version 12.00
# Visual Studio Version 17
VisualStudioVersion = 17.9.34622.214
MinimumVisualStudioVersion = 10.0.40219.1
Project("{2150E333-8FDC-42A3-9474-1A3956D46DE8}") = "4 - Domain", "4 - Domain", "{DF05F1A6-E254-4977-965B-EF2C8D65CC5D}"
EndProject
Project("{9A19103F-16F7-4668-BE54-9A1E7A4F7556}") = "FeatureFlags.Domain", "src\FeatureFlags.Domain\FeatureFlags.Domain.csproj", "{AC30E984-4325-4350-9D54-AA5635A3D178}"
EndProject
Project("{2150E333-8FDC-42A3-9474-1A3956D46DE8}") = "Core", "Core", "{D0B5FB21-B980-4BD3-999E-13ED5C5E27FD}"
EndProject
Project("{2150E333-8FDC-42A3-9474-1A3956D46DE8}") = "src", "src", "{B95FCB7C-A826-4D3C-8699-22FAD7016D67}"
EndProject
Project("{2150E333-8FDC-42A3-9474-1A3956D46DE8}") = "tests", "tests", "{B15B19E5-6E94-4878-AC20-30007891534C}"
EndProject
Project("{2150E333-8FDC-42A3-9474-1A3956D46DE8}") = "Repository", "Repository", "{18C4F06F-BB0E-49B4-B4C0-BF5F5DE06408}"
EndProject
Project("{9A19103F-16F7-4668-BE54-9A1E7A4F7556}") = "Feature.Tests.Repository", "tests\Feature.Tests.Repository\Feature.Tests.Repository.csproj", "{AE8A467E-C1B2-411D-B16E-A31C41317952}"
EndProject
Project("{2150E333-8FDC-42A3-9474-1A3956D46DE8}") = "5 - Infra", "5 - Infra", "{579FB9C6-E541-43D1-895C-EECB1CB64A13}"
EndProject
Project("{2150E333-8FDC-42A3-9474-1A3956D46DE8}") = "5.1 - Data", "5.1 - Data", "{C0B80788-1F08-4563-8180-7E97F58AC7BD}"
EndProject
Project("{9A19103F-16F7-4668-BE54-9A1E7A4F7556}") = "FeatureFlags.Infra.Data", "src\FeatureFlags.Infra.Data\FeatureFlags.Infra.Data.csproj", "{3CD8F10A-9B98-495E-ADF1-C494E6257893}"
EndProject
Project("{2150E333-8FDC-42A3-9474-1A3956D46DE8}") = "3 - Application", "3 - Application", "{B4335523-3325-48D6-9993-43490F71BEB7}"
EndProject
Project("{9A19103F-16F7-4668-BE54-9A1E7A4F7556}") = "FeatureFlags.Application", "src\FeatureFlags.Application\FeatureFlags.Application.csproj", "{BB6844AF-80A9-46AD-9AFC-FA05225ED2C4}"
EndProject
Project("{2150E333-8FDC-42A3-9474-1A3956D46DE8}") = "5.2 - CrossCutting", "5.2 - CrossCutting", "{F0B2CBF9-6B30-40E9-997D-6DDE56461200}"
EndProject
Project("{2150E333-8FDC-42A3-9474-1A3956D46DE8}") = "IoC", "IoC", "{4F8D00E1-646B-4BE7-B644-AAA2681DB0BB}"
EndProject
Project("{FAE04EC0-301F-11D3-BF4B-00C04F79EFBC}") = "FeatureFlags.Infra.CrossCutting.IoC", "src\FeatureFlags.Infra.CrossCutting.IoC\FeatureFlags.Infra.CrossCutting.IoC.csproj", "{98D0D009-2382-48D7-86B3-9F251DD47C3E}"
EndProject
Project("{2150E333-8FDC-42A3-9474-1A3956D46DE8}") = "2 - Services", "2 - Services", "{7F5AE06F-89A0-49A2-8DAB-F78CA0213509}"
EndProject
Project("{FAE04EC0-301F-11D3-BF4B-00C04F79EFBC}") = "FeatureFlags.Services.Api", "src\FeatureFlags.Services.Api\FeatureFlags.Services.Api.csproj", "{67C253A0-3A09-450B-BBCB-A23B56D92618}"
EndProject
Global
	GlobalSection(SolutionConfigurationPlatforms) = preSolution
		Debug|Any CPU = Debug|Any CPU
		Release|Any CPU = Release|Any CPU
	EndGlobalSection
	GlobalSection(ProjectConfigurationPlatforms) = postSolution
		{AC30E984-4325-4350-9D54-AA5635A3D178}.Debug|Any CPU.ActiveCfg = Debug|Any CPU
		{AC30E984-4325-4350-9D54-AA5635A3D178}.Debug|Any CPU.Build.0 = Debug|Any CPU
		{AC30E984-4325-4350-9D54-AA5635A3D178}.Release|Any CPU.ActiveCfg = Release|Any CPU
		{AC30E984-4325-4350-9D54-AA5635A3D178}.Release|Any CPU.Build.0 = Release|Any CPU
		{AE8A467E-C1B2-411D-B16E-A31C41317952}.Debug|Any CPU.ActiveCfg = Debug|Any CPU
		{AE8A467E-C1B2-411D-B16E-A31C41317952}.Debug|Any CPU.Build.0 = Debug|Any CPU
		{AE8A467E-C1B2-411D-B16E-A31C41317952}.Release|Any CPU.ActiveCfg = Release|Any CPU
		{AE8A467E-C1B2-411D-B16E-A31C41317952}.Release|Any CPU.Build.0 = Release|Any CPU
		{3CD8F10A-9B98-495E-ADF1-C494E6257893}.Debug|Any CPU.ActiveCfg = Debug|Any CPU
		{3CD8F10A-9B98-495E-ADF1-C494E6257893}.Debug|Any CPU.Build.0 = Debug|Any CPU
		{3CD8F10A-9B98-495E-ADF1-C494E6257893}.Release|Any CPU.ActiveCfg = Release|Any CPU
		{3CD8F10A-9B98-495E-ADF1-C494E6257893}.Release|Any CPU.Build.0 = Release|Any CPU
		{BB6844AF-80A9-46AD-9AFC-FA05225ED2C4}.Debug|Any CPU.ActiveCfg = Debug|Any CPU
		{BB6844AF-80A9-46AD-9AFC-FA05225ED2C4}.Debug|Any CPU.Build.0 = Debug|Any CPU
		{BB6844AF-80A9-46AD-9AFC-FA05225ED2C4}.Release|Any CPU.ActiveCfg = Release|Any CPU
		{BB6844AF-80A9-46AD-9AFC-FA05225ED2C4}.Release|Any CPU.Build.0 = Release|Any CPU
		{98D0D009-2382-48D7-86B3-9F251DD47C3E}.Debug|Any CPU.ActiveCfg = Debug|Any CPU
		{98D0D009-2382-48D7-86B3-9F251DD47C3E}.Debug|Any CPU.Build.0 = Debug|Any CPU
		{98D0D009-2382-48D7-86B3-9F251DD47C3E}.Release|Any CPU.ActiveCfg = Release|Any CPU
		{98D0D009-2382-48D7-86B3-9F251DD47C3E}.Release|Any CPU.Build.0 = Release|Any CPU
		{67C253A0-3A09-450B-BBCB-A23B56D92618}.Debug|Any CPU.ActiveCfg = Debug|Any CPU
		{67C253A0-3A09-450B-BBCB-A23B56D92618}.Debug|Any CPU.Build.0 = Debug|Any CPU
		{67C253A0-3A09-450B-BBCB-A23B56D92618}.Release|Any CPU.ActiveCfg = Release|Any CPU
		{67C253A0-3A09-450B-BBCB-A23B56D92618}.Release|Any CPU.Build.0 = Release|Any CPU
	EndGlobalSection
	GlobalSection(SolutionProperties) = preSolution
		HideSolutionNode = FALSE
	EndGlobalSection
	GlobalSection(NestedProjects) = preSolution
		{DF05F1A6-E254-4977-965B-EF2C8D65CC5D} = {B95FCB7C-A826-4D3C-8699-22FAD7016D67}
		{AC30E984-4325-4350-9D54-AA5635A3D178} = {DF05F1A6-E254-4977-965B-EF2C8D65CC5D}
		{D0B5FB21-B980-4BD3-999E-13ED5C5E27FD} = {DF05F1A6-E254-4977-965B-EF2C8D65CC5D}
		{18C4F06F-BB0E-49B4-B4C0-BF5F5DE06408} = {B15B19E5-6E94-4878-AC20-30007891534C}
		{AE8A467E-C1B2-411D-B16E-A31C41317952} = {18C4F06F-BB0E-49B4-B4C0-BF5F5DE06408}
		{579FB9C6-E541-43D1-895C-EECB1CB64A13} = {B95FCB7C-A826-4D3C-8699-22FAD7016D67}
		{C0B80788-1F08-4563-8180-7E97F58AC7BD} = {579FB9C6-E541-43D1-895C-EECB1CB64A13}
		{3CD8F10A-9B98-495E-ADF1-C494E6257893} = {C0B80788-1F08-4563-8180-7E97F58AC7BD}
		{B4335523-3325-48D6-9993-43490F71BEB7} = {B95FCB7C-A826-4D3C-8699-22FAD7016D67}
		{BB6844AF-80A9-46AD-9AFC-FA05225ED2C4} = {B4335523-3325-48D6-9993-43490F71BEB7}
		{F0B2CBF9-6B30-40E9-997D-6DDE56461200} = {579FB9C6-E541-43D1-895C-EECB1CB64A13}
		{4F8D00E1-646B-4BE7-B644-AAA2681DB0BB} = {F0B2CBF9-6B30-40E9-997D-6DDE56461200}
		{98D0D009-2382-48D7-86B3-9F251DD47C3E} = {4F8D00E1-646B-4BE7-B644-AAA2681DB0BB}
		{7F5AE06F-89A0-49A2-8DAB-F78CA0213509} = {B95FCB7C-A826-4D3C-8699-22FAD7016D67}
		{67C253A0-3A09-450B-BBCB-A23B56D92618} = {7F5AE06F-89A0-49A2-8DAB-F78CA0213509}
	EndGlobalSection
	GlobalSection(ExtensibilityGlobals) = postSolution
		SolutionGuid = {652964C7-1C98-408F-8E25-D615183B1EA7}
	EndGlobalSection
EndGlobal
